// !$*UTF8*$!
{
	archiveVersion = 1;
	classes = {
	};
	objectVersion = 50;
	objects = {

/* Begin PBXBuildFile section */
		00A7043D2478B668000CD2CC /* FollowerListVC.swift in Sources */ = {isa = PBXBuildFile; fileRef = 00A7043C2478B668000CD2CC /* FollowerListVC.swift */; };
		00A7043F2478C791000CD2CC /* GFTitleLabel.swift in Sources */ = {isa = PBXBuildFile; fileRef = 00A7043E2478C791000CD2CC /* GFTitleLabel.swift */; };
		00A704412478C9BC000CD2CC /* GFBodyLabel.swift in Sources */ = {isa = PBXBuildFile; fileRef = 00A704402478C9BC000CD2CC /* GFBodyLabel.swift */; };
		00A704432478CAA4000CD2CC /* GFAlertVC.swift in Sources */ = {isa = PBXBuildFile; fileRef = 00A704422478CAA4000CD2CC /* GFAlertVC.swift */; };
		00B8167C247A1DA3009747EC /* UIViewController+EXT.swift in Sources */ = {isa = PBXBuildFile; fileRef = 00B8167B247A1DA3009747EC /* UIViewController+EXT.swift */; };
		00E060C523CD43300095DE4B /* AppDelegate.swift in Sources */ = {isa = PBXBuildFile; fileRef = 00E060C423CD43300095DE4B /* AppDelegate.swift */; };
		00E060C723CD43300095DE4B /* SceneDelegate.swift in Sources */ = {isa = PBXBuildFile; fileRef = 00E060C623CD43300095DE4B /* SceneDelegate.swift */; };
		00E060CE23CD43320095DE4B /* Assets.xcassets in Resources */ = {isa = PBXBuildFile; fileRef = 00E060CD23CD43320095DE4B /* Assets.xcassets */; };
		00E060D123CD43320095DE4B /* LaunchScreen.storyboard in Resources */ = {isa = PBXBuildFile; fileRef = 00E060CF23CD43320095DE4B /* LaunchScreen.storyboard */; };
		00E060DC23CD43320095DE4B /* GHFollowersTests.swift in Sources */ = {isa = PBXBuildFile; fileRef = 00E060DB23CD43320095DE4B /* GHFollowersTests.swift */; };
		00E060E723CD43320095DE4B /* GHFollowersUITests.swift in Sources */ = {isa = PBXBuildFile; fileRef = 00E060E623CD43320095DE4B /* GHFollowersUITests.swift */; };
		00E060F723D0A3730095DE4B /* SearchVC.swift in Sources */ = {isa = PBXBuildFile; fileRef = 00E060F623D0A3730095DE4B /* SearchVC.swift */; };
		00E060F923D0A3C30095DE4B /* FavoritesListVC.swift in Sources */ = {isa = PBXBuildFile; fileRef = 00E060F823D0A3C30095DE4B /* FavoritesListVC.swift */; };
		00E72D1124718998005526A7 /* GFButton.swift in Sources */ = {isa = PBXBuildFile; fileRef = 00E72D1024718998005526A7 /* GFButton.swift */; };
		00E72D132471E915005526A7 /* GFTextField.swift in Sources */ = {isa = PBXBuildFile; fileRef = 00E72D122471E915005526A7 /* GFTextField.swift */; };
/* End PBXBuildFile section */

/* Begin PBXContainerItemProxy section */
		00E060D823CD43320095DE4B /* PBXContainerItemProxy */ = {
			isa = PBXContainerItemProxy;
			containerPortal = 00E060B923CD432F0095DE4B /* Project object */;
			proxyType = 1;
			remoteGlobalIDString = 00E060C023CD43300095DE4B;
			remoteInfo = GHFollowers;
		};
		00E060E323CD43320095DE4B /* PBXContainerItemProxy */ = {
			isa = PBXContainerItemProxy;
			containerPortal = 00E060B923CD432F0095DE4B /* Project object */;
			proxyType = 1;
			remoteGlobalIDString = 00E060C023CD43300095DE4B;
			remoteInfo = GHFollowers;
		};
/* End PBXContainerItemProxy section */

/* Begin PBXFileReference section */
		00A7043C2478B668000CD2CC /* FollowerListVC.swift */ = {isa = PBXFileReference; lastKnownFileType = sourcecode.swift; path = FollowerListVC.swift; sourceTree = "<group>"; };
		00A7043E2478C791000CD2CC /* GFTitleLabel.swift */ = {isa = PBXFileReference; lastKnownFileType = sourcecode.swift; path = GFTitleLabel.swift; sourceTree = "<group>"; };
		00A704402478C9BC000CD2CC /* GFBodyLabel.swift */ = {isa = PBXFileReference; lastKnownFileType = sourcecode.swift; path = GFBodyLabel.swift; sourceTree = "<group>"; };
		00A704422478CAA4000CD2CC /* GFAlertVC.swift */ = {isa = PBXFileReference; lastKnownFileType = sourcecode.swift; path = GFAlertVC.swift; sourceTree = "<group>"; };
		00B8167B247A1DA3009747EC /* UIViewController+EXT.swift */ = {isa = PBXFileReference; lastKnownFileType = sourcecode.swift; path = "UIViewController+EXT.swift"; sourceTree = "<group>"; };
		00E060C123CD43300095DE4B /* GHFollowers.app */ = {isa = PBXFileReference; explicitFileType = wrapper.application; includeInIndex = 0; path = GHFollowers.app; sourceTree = BUILT_PRODUCTS_DIR; };
		00E060C423CD43300095DE4B /* AppDelegate.swift */ = {isa = PBXFileReference; lastKnownFileType = sourcecode.swift; path = AppDelegate.swift; sourceTree = "<group>"; };
		00E060C623CD43300095DE4B /* SceneDelegate.swift */ = {isa = PBXFileReference; lastKnownFileType = sourcecode.swift; path = SceneDelegate.swift; sourceTree = "<group>"; };
		00E060CD23CD43320095DE4B /* Assets.xcassets */ = {isa = PBXFileReference; lastKnownFileType = folder.assetcatalog; path = Assets.xcassets; sourceTree = "<group>"; };
		00E060D023CD43320095DE4B /* Base */ = {isa = PBXFileReference; lastKnownFileType = file.storyboard; name = Base; path = Base.lproj/LaunchScreen.storyboard; sourceTree = "<group>"; };
		00E060D223CD43320095DE4B /* Info.plist */ = {isa = PBXFileReference; lastKnownFileType = text.plist.xml; path = Info.plist; sourceTree = "<group>"; };
		00E060D723CD43320095DE4B /* GHFollowersTests.xctest */ = {isa = PBXFileReference; explicitFileType = wrapper.cfbundle; includeInIndex = 0; path = GHFollowersTests.xctest; sourceTree = BUILT_PRODUCTS_DIR; };
		00E060DB23CD43320095DE4B /* GHFollowersTests.swift */ = {isa = PBXFileReference; lastKnownFileType = sourcecode.swift; path = GHFollowersTests.swift; sourceTree = "<group>"; };
		00E060DD23CD43320095DE4B /* Info.plist */ = {isa = PBXFileReference; lastKnownFileType = text.plist.xml; path = Info.plist; sourceTree = "<group>"; };
		00E060E223CD43320095DE4B /* GHFollowersUITests.xctest */ = {isa = PBXFileReference; explicitFileType = wrapper.cfbundle; includeInIndex = 0; path = GHFollowersUITests.xctest; sourceTree = BUILT_PRODUCTS_DIR; };
		00E060E623CD43320095DE4B /* GHFollowersUITests.swift */ = {isa = PBXFileReference; lastKnownFileType = sourcecode.swift; path = GHFollowersUITests.swift; sourceTree = "<group>"; };
		00E060E823CD43320095DE4B /* Info.plist */ = {isa = PBXFileReference; lastKnownFileType = text.plist.xml; path = Info.plist; sourceTree = "<group>"; };
		00E060F623D0A3730095DE4B /* SearchVC.swift */ = {isa = PBXFileReference; lastKnownFileType = sourcecode.swift; path = SearchVC.swift; sourceTree = "<group>"; };
		00E060F823D0A3C30095DE4B /* FavoritesListVC.swift */ = {isa = PBXFileReference; lastKnownFileType = sourcecode.swift; path = FavoritesListVC.swift; sourceTree = "<group>"; };
		00E72D1024718998005526A7 /* GFButton.swift */ = {isa = PBXFileReference; lastKnownFileType = sourcecode.swift; path = GFButton.swift; sourceTree = "<group>"; };
		00E72D122471E915005526A7 /* GFTextField.swift */ = {isa = PBXFileReference; lastKnownFileType = sourcecode.swift; path = GFTextField.swift; sourceTree = "<group>"; };
/* End PBXFileReference section */

/* Begin PBXFrameworksBuildPhase section */
		00E060BE23CD43300095DE4B /* Frameworks */ = {
			isa = PBXFrameworksBuildPhase;
			buildActionMask = 2147483647;
			files = (
			);
			runOnlyForDeploymentPostprocessing = 0;
		};
		00E060D423CD43320095DE4B /* Frameworks */ = {
			isa = PBXFrameworksBuildPhase;
			buildActionMask = 2147483647;
			files = (
			);
			runOnlyForDeploymentPostprocessing = 0;
		};
		00E060DF23CD43320095DE4B /* Frameworks */ = {
			isa = PBXFrameworksBuildPhase;
			buildActionMask = 2147483647;
			files = (
			);
			runOnlyForDeploymentPostprocessing = 0;
		};
/* End PBXFrameworksBuildPhase section */

/* Begin PBXGroup section */
		00B8167D247A3AC6009747EC /* Screens */ = {
			isa = PBXGroup;
			children = (
				00E060F623D0A3730095DE4B /* SearchVC.swift */,
				00E060F823D0A3C30095DE4B /* FavoritesListVC.swift */,
				00A7043C2478B668000CD2CC /* FollowerListVC.swift */,
			);
			path = Screens;
			sourceTree = "<group>";
		};
		00B8167E247A3B09009747EC /* Custom Views */ = {
			isa = PBXGroup;
			children = (
				00A704402478C9BC000CD2CC /* GFBodyLabel.swift */,
				00E72D122471E915005526A7 /* GFTextField.swift */,
				00A704422478CAA4000CD2CC /* GFAlertVC.swift */,
				00E72D1024718998005526A7 /* GFButton.swift */,
				00A7043E2478C791000CD2CC /* GFTitleLabel.swift */,
			);
			path = "Custom Views";
			sourceTree = "<group>";
		};
		00B8167F247A3B42009747EC /* Extensions */ = {
			isa = PBXGroup;
			children = (
				00B8167B247A1DA3009747EC /* UIViewController+EXT.swift */,
			);
			path = Extensions;
			sourceTree = "<group>";
		};
		00B81680247A3BA2009747EC /* Support */ = {
			isa = PBXGroup;
			children = (
				00E060C423CD43300095DE4B /* AppDelegate.swift */,
				00E060C623CD43300095DE4B /* SceneDelegate.swift */,
				00E060CD23CD43320095DE4B /* Assets.xcassets */,
				00E060CF23CD43320095DE4B /* LaunchScreen.storyboard */,
				00E060D223CD43320095DE4B /* Info.plist */,
			);
			path = Support;
			sourceTree = "<group>";
		};
		00E060B823CD432F0095DE4B = {
			isa = PBXGroup;
			children = (
				00E060C323CD43300095DE4B /* GHFollowers */,
				00E060DA23CD43320095DE4B /* GHFollowersTests */,
				00E060E523CD43320095DE4B /* GHFollowersUITests */,
				00E060C223CD43300095DE4B /* Products */,
			);
			sourceTree = "<group>";
		};
		00E060C223CD43300095DE4B /* Products */ = {
			isa = PBXGroup;
			children = (
				00E060C123CD43300095DE4B /* GHFollowers.app */,
				00E060D723CD43320095DE4B /* GHFollowersTests.xctest */,
				00E060E223CD43320095DE4B /* GHFollowersUITests.xctest */,
			);
			name = Products;
			sourceTree = "<group>";
		};
		00E060C323CD43300095DE4B /* GHFollowers */ = {
			isa = PBXGroup;
			children = (
				00B81680247A3BA2009747EC /* Support */,
				00B8167F247A3B42009747EC /* Extensions */,
				00B8167E247A3B09009747EC /* Custom Views */,
				00B8167D247A3AC6009747EC /* Screens */,
			);
			path = GHFollowers;
			sourceTree = "<group>";
		};
		00E060DA23CD43320095DE4B /* GHFollowersTests */ = {
			isa = PBXGroup;
			children = (
				00E060DB23CD43320095DE4B /* GHFollowersTests.swift */,
				00E060DD23CD43320095DE4B /* Info.plist */,
			);
			path = GHFollowersTests;
			sourceTree = "<group>";
		};
		00E060E523CD43320095DE4B /* GHFollowersUITests */ = {
			isa = PBXGroup;
			children = (
				00E060E623CD43320095DE4B /* GHFollowersUITests.swift */,
				00E060E823CD43320095DE4B /* Info.plist */,
			);
			path = GHFollowersUITests;
			sourceTree = "<group>";
		};
/* End PBXGroup section */

/* Begin PBXNativeTarget section */
		00E060C023CD43300095DE4B /* GHFollowers */ = {
			isa = PBXNativeTarget;
			buildConfigurationList = 00E060EB23CD43320095DE4B /* Build configuration list for PBXNativeTarget "GHFollowers" */;
			buildPhases = (
				00E060BD23CD43300095DE4B /* Sources */,
				00E060BE23CD43300095DE4B /* Frameworks */,
				00E060BF23CD43300095DE4B /* Resources */,
			);
			buildRules = (
			);
			dependencies = (
			);
			name = GHFollowers;
			productName = GHFollowers;
			productReference = 00E060C123CD43300095DE4B /* GHFollowers.app */;
			productType = "com.apple.product-type.application";
		};
		00E060D623CD43320095DE4B /* GHFollowersTests */ = {
			isa = PBXNativeTarget;
			buildConfigurationList = 00E060EE23CD43320095DE4B /* Build configuration list for PBXNativeTarget "GHFollowersTests" */;
			buildPhases = (
				00E060D323CD43320095DE4B /* Sources */,
				00E060D423CD43320095DE4B /* Frameworks */,
				00E060D523CD43320095DE4B /* Resources */,
			);
			buildRules = (
			);
			dependencies = (
				00E060D923CD43320095DE4B /* PBXTargetDependency */,
			);
			name = GHFollowersTests;
			productName = GHFollowersTests;
			productReference = 00E060D723CD43320095DE4B /* GHFollowersTests.xctest */;
			productType = "com.apple.product-type.bundle.unit-test";
		};
		00E060E123CD43320095DE4B /* GHFollowersUITests */ = {
			isa = PBXNativeTarget;
			buildConfigurationList = 00E060F123CD43320095DE4B /* Build configuration list for PBXNativeTarget "GHFollowersUITests" */;
			buildPhases = (
				00E060DE23CD43320095DE4B /* Sources */,
				00E060DF23CD43320095DE4B /* Frameworks */,
				00E060E023CD43320095DE4B /* Resources */,
			);
			buildRules = (
			);
			dependencies = (
				00E060E423CD43320095DE4B /* PBXTargetDependency */,
			);
			name = GHFollowersUITests;
			productName = GHFollowersUITests;
			productReference = 00E060E223CD43320095DE4B /* GHFollowersUITests.xctest */;
			productType = "com.apple.product-type.bundle.ui-testing";
		};
/* End PBXNativeTarget section */

/* Begin PBXProject section */
		00E060B923CD432F0095DE4B /* Project object */ = {
			isa = PBXProject;
			attributes = {
				LastSwiftUpdateCheck = 1100;
				LastUpgradeCheck = 1100;
				ORGANIZATIONNAME = "Dmitrii Fotesco";
				TargetAttributes = {
					00E060C023CD43300095DE4B = {
						CreatedOnToolsVersion = 11.0;
					};
					00E060D623CD43320095DE4B = {
						CreatedOnToolsVersion = 11.0;
						TestTargetID = 00E060C023CD43300095DE4B;
					};
					00E060E123CD43320095DE4B = {
						CreatedOnToolsVersion = 11.0;
						TestTargetID = 00E060C023CD43300095DE4B;
					};
				};
			};
			buildConfigurationList = 00E060BC23CD432F0095DE4B /* Build configuration list for PBXProject "GHFollowers" */;
			compatibilityVersion = "Xcode 9.3";
			developmentRegion = en;
			hasScannedForEncodings = 0;
			knownRegions = (
				en,
				Base,
			);
			mainGroup = 00E060B823CD432F0095DE4B;
			productRefGroup = 00E060C223CD43300095DE4B /* Products */;
			projectDirPath = "";
			projectRoot = "";
			targets = (
				00E060C023CD43300095DE4B /* GHFollowers */,
				00E060D623CD43320095DE4B /* GHFollowersTests */,
				00E060E123CD43320095DE4B /* GHFollowersUITests */,
			);
		};
/* End PBXProject section */

/* Begin PBXResourcesBuildPhase section */
		00E060BF23CD43300095DE4B /* Resources */ = {
			isa = PBXResourcesBuildPhase;
			buildActionMask = 2147483647;
			files = (
				00E060D123CD43320095DE4B /* LaunchScreen.storyboard in Resources */,
				00E060CE23CD43320095DE4B /* Assets.xcassets in Resources */,
			);
			runOnlyForDeploymentPostprocessing = 0;
		};
		00E060D523CD43320095DE4B /* Resources */ = {
			isa = PBXResourcesBuildPhase;
			buildActionMask = 2147483647;
			files = (
			);
			runOnlyForDeploymentPostprocessing = 0;
		};
		00E060E023CD43320095DE4B /* Resources */ = {
			isa = PBXResourcesBuildPhase;
			buildActionMask = 2147483647;
			files = (
			);
			runOnlyForDeploymentPostprocessing = 0;
		};
/* End PBXResourcesBuildPhase section */

/* Begin PBXSourcesBuildPhase section */
		00E060BD23CD43300095DE4B /* Sources */ = {
			isa = PBXSourcesBuildPhase;
			buildActionMask = 2147483647;
			files = (
				00E060F723D0A3730095DE4B /* SearchVC.swift in Sources */,
				00E72D1124718998005526A7 /* GFButton.swift in Sources */,
				00E72D132471E915005526A7 /* GFTextField.swift in Sources */,
				00A704432478CAA4000CD2CC /* GFAlertVC.swift in Sources */,
				00E060F923D0A3C30095DE4B /* FavoritesListVC.swift in Sources */,
				00B8167C247A1DA3009747EC /* UIViewController+EXT.swift in Sources */,
				00E060C523CD43300095DE4B /* AppDelegate.swift in Sources */,
				00A7043F2478C791000CD2CC /* GFTitleLabel.swift in Sources */,
				00E060C723CD43300095DE4B /* SceneDelegate.swift in Sources */,
				00A7043D2478B668000CD2CC /* FollowerListVC.swift in Sources */,
				00A704412478C9BC000CD2CC /* GFBodyLabel.swift in Sources */,
			);
			runOnlyForDeploymentPostprocessing = 0;
		};
		00E060D323CD43320095DE4B /* Sources */ = {
			isa = PBXSourcesBuildPhase;
			buildActionMask = 2147483647;
			files = (
				00E060DC23CD43320095DE4B /* GHFollowersTests.swift in Sources */,
			);
			runOnlyForDeploymentPostprocessing = 0;
		};
		00E060DE23CD43320095DE4B /* Sources */ = {
			isa = PBXSourcesBuildPhase;
			buildActionMask = 2147483647;
			files = (
				00E060E723CD43320095DE4B /* GHFollowersUITests.swift in Sources */,
			);
			runOnlyForDeploymentPostprocessing = 0;
		};
/* End PBXSourcesBuildPhase section */

/* Begin PBXTargetDependency section */
		00E060D923CD43320095DE4B /* PBXTargetDependency */ = {
			isa = PBXTargetDependency;
			target = 00E060C023CD43300095DE4B /* GHFollowers */;
			targetProxy = 00E060D823CD43320095DE4B /* PBXContainerItemProxy */;
		};
		00E060E423CD43320095DE4B /* PBXTargetDependency */ = {
			isa = PBXTargetDependency;
			target = 00E060C023CD43300095DE4B /* GHFollowers */;
			targetProxy = 00E060E323CD43320095DE4B /* PBXContainerItemProxy */;
		};
/* End PBXTargetDependency section */

/* Begin PBXVariantGroup section */
		00E060CF23CD43320095DE4B /* LaunchScreen.storyboard */ = {
			isa = PBXVariantGroup;
			children = (
				00E060D023CD43320095DE4B /* Base */,
			);
			name = LaunchScreen.storyboard;
			sourceTree = "<group>";
		};
/* End PBXVariantGroup section */

/* Begin XCBuildConfiguration section */
		00E060E923CD43320095DE4B /* Debug */ = {
			isa = XCBuildConfiguration;
			buildSettings = {
				ALWAYS_SEARCH_USER_PATHS = NO;
				CLANG_ANALYZER_NONNULL = YES;
				CLANG_ANALYZER_NUMBER_OBJECT_CONVERSION = YES_AGGRESSIVE;
				CLANG_CXX_LANGUAGE_STANDARD = "gnu++14";
				CLANG_CXX_LIBRARY = "libc++";
				CLANG_ENABLE_MODULES = YES;
				CLANG_ENABLE_OBJC_ARC = YES;
				CLANG_ENABLE_OBJC_WEAK = YES;
				CLANG_WARN_BLOCK_CAPTURE_AUTORELEASING = YES;
				CLANG_WARN_BOOL_CONVERSION = YES;
				CLANG_WARN_COMMA = YES;
				CLANG_WARN_CONSTANT_CONVERSION = YES;
				CLANG_WARN_DEPRECATED_OBJC_IMPLEMENTATIONS = YES;
				CLANG_WARN_DIRECT_OBJC_ISA_USAGE = YES_ERROR;
				CLANG_WARN_DOCUMENTATION_COMMENTS = YES;
				CLANG_WARN_EMPTY_BODY = YES;
				CLANG_WARN_ENUM_CONVERSION = YES;
				CLANG_WARN_INFINITE_RECURSION = YES;
				CLANG_WARN_INT_CONVERSION = YES;
				CLANG_WARN_NON_LITERAL_NULL_CONVERSION = YES;
				CLANG_WARN_OBJC_IMPLICIT_RETAIN_SELF = YES;
				CLANG_WARN_OBJC_LITERAL_CONVERSION = YES;
				CLANG_WARN_OBJC_ROOT_CLASS = YES_ERROR;
				CLANG_WARN_RANGE_LOOP_ANALYSIS = YES;
				CLANG_WARN_STRICT_PROTOTYPES = YES;
				CLANG_WARN_SUSPICIOUS_MOVE = YES;
				CLANG_WARN_UNGUARDED_AVAILABILITY = YES_AGGRESSIVE;
				CLANG_WARN_UNREACHABLE_CODE = YES;
				CLANG_WARN__DUPLICATE_METHOD_MATCH = YES;
				COPY_PHASE_STRIP = NO;
				DEBUG_INFORMATION_FORMAT = dwarf;
				ENABLE_STRICT_OBJC_MSGSEND = YES;
				ENABLE_TESTABILITY = YES;
				GCC_C_LANGUAGE_STANDARD = gnu11;
				GCC_DYNAMIC_NO_PIC = NO;
				GCC_NO_COMMON_BLOCKS = YES;
				GCC_OPTIMIZATION_LEVEL = 0;
				GCC_PREPROCESSOR_DEFINITIONS = (
					"DEBUG=1",
					"$(inherited)",
				);
				GCC_WARN_64_TO_32_BIT_CONVERSION = YES;
				GCC_WARN_ABOUT_RETURN_TYPE = YES_ERROR;
				GCC_WARN_UNDECLARED_SELECTOR = YES;
				GCC_WARN_UNINITIALIZED_AUTOS = YES_AGGRESSIVE;
				GCC_WARN_UNUSED_FUNCTION = YES;
				GCC_WARN_UNUSED_VARIABLE = YES;
				IPHONEOS_DEPLOYMENT_TARGET = 13.0;
				MTL_ENABLE_DEBUG_INFO = INCLUDE_SOURCE;
				MTL_FAST_MATH = YES;
				ONLY_ACTIVE_ARCH = YES;
				SDKROOT = iphoneos;
				SWIFT_ACTIVE_COMPILATION_CONDITIONS = DEBUG;
				SWIFT_OPTIMIZATION_LEVEL = "-Onone";
			};
			name = Debug;
		};
		00E060EA23CD43320095DE4B /* Release */ = {
			isa = XCBuildConfiguration;
			buildSettings = {
				ALWAYS_SEARCH_USER_PATHS = NO;
				CLANG_ANALYZER_NONNULL = YES;
				CLANG_ANALYZER_NUMBER_OBJECT_CONVERSION = YES_AGGRESSIVE;
				CLANG_CXX_LANGUAGE_STANDARD = "gnu++14";
				CLANG_CXX_LIBRARY = "libc++";
				CLANG_ENABLE_MODULES = YES;
				CLANG_ENABLE_OBJC_ARC = YES;
				CLANG_ENABLE_OBJC_WEAK = YES;
				CLANG_WARN_BLOCK_CAPTURE_AUTORELEASING = YES;
				CLANG_WARN_BOOL_CONVERSION = YES;
				CLANG_WARN_COMMA = YES;
				CLANG_WARN_CONSTANT_CONVERSION = YES;
				CLANG_WARN_DEPRECATED_OBJC_IMPLEMENTATIONS = YES;
				CLANG_WARN_DIRECT_OBJC_ISA_USAGE = YES_ERROR;
				CLANG_WARN_DOCUMENTATION_COMMENTS = YES;
				CLANG_WARN_EMPTY_BODY = YES;
				CLANG_WARN_ENUM_CONVERSION = YES;
				CLANG_WARN_INFINITE_RECURSION = YES;
				CLANG_WARN_INT_CONVERSION = YES;
				CLANG_WARN_NON_LITERAL_NULL_CONVERSION = YES;
				CLANG_WARN_OBJC_IMPLICIT_RETAIN_SELF = YES;
				CLANG_WARN_OBJC_LITERAL_CONVERSION = YES;
				CLANG_WARN_OBJC_ROOT_CLASS = YES_ERROR;
				CLANG_WARN_RANGE_LOOP_ANALYSIS = YES;
				CLANG_WARN_STRICT_PROTOTYPES = YES;
				CLANG_WARN_SUSPICIOUS_MOVE = YES;
				CLANG_WARN_UNGUARDED_AVAILABILITY = YES_AGGRESSIVE;
				CLANG_WARN_UNREACHABLE_CODE = YES;
				CLANG_WARN__DUPLICATE_METHOD_MATCH = YES;
				COPY_PHASE_STRIP = NO;
				DEBUG_INFORMATION_FORMAT = "dwarf-with-dsym";
				ENABLE_NS_ASSERTIONS = NO;
				ENABLE_STRICT_OBJC_MSGSEND = YES;
				GCC_C_LANGUAGE_STANDARD = gnu11;
				GCC_NO_COMMON_BLOCKS = YES;
				GCC_WARN_64_TO_32_BIT_CONVERSION = YES;
				GCC_WARN_ABOUT_RETURN_TYPE = YES_ERROR;
				GCC_WARN_UNDECLARED_SELECTOR = YES;
				GCC_WARN_UNINITIALIZED_AUTOS = YES_AGGRESSIVE;
				GCC_WARN_UNUSED_FUNCTION = YES;
				GCC_WARN_UNUSED_VARIABLE = YES;
				IPHONEOS_DEPLOYMENT_TARGET = 13.0;
				MTL_ENABLE_DEBUG_INFO = NO;
				MTL_FAST_MATH = YES;
				SDKROOT = iphoneos;
				SWIFT_COMPILATION_MODE = wholemodule;
				SWIFT_OPTIMIZATION_LEVEL = "-O";
				VALIDATE_PRODUCT = YES;
			};
			name = Release;
		};
		00E060EC23CD43320095DE4B /* Debug */ = {
			isa = XCBuildConfiguration;
			buildSettings = {
				ASSETCATALOG_COMPILER_APPICON_NAME = AppIcon;
				CODE_SIGN_STYLE = Automatic;
				INFOPLIST_FILE = GHFollowers/Info.plist;
				LD_RUNPATH_SEARCH_PATHS = (
					"$(inherited)",
					"@executable_path/Frameworks",
				);
				PRODUCT_BUNDLE_IDENTIFIER = fotescodev.GHFollowers;
				PRODUCT_NAME = "$(TARGET_NAME)";
				SWIFT_VERSION = 5.0;
				TARGETED_DEVICE_FAMILY = "1,2";
			};
			name = Debug;
		};
		00E060ED23CD43320095DE4B /* Release */ = {
			isa = XCBuildConfiguration;
			buildSettings = {
				ASSETCATALOG_COMPILER_APPICON_NAME = AppIcon;
				CODE_SIGN_STYLE = Automatic;
				INFOPLIST_FILE = GHFollowers/Info.plist;
				LD_RUNPATH_SEARCH_PATHS = (
					"$(inherited)",
					"@executable_path/Frameworks",
				);
				PRODUCT_BUNDLE_IDENTIFIER = fotescodev.GHFollowers;
				PRODUCT_NAME = "$(TARGET_NAME)";
				SWIFT_VERSION = 5.0;
				TARGETED_DEVICE_FAMILY = "1,2";
			};
			name = Release;
		};
		00E060EF23CD43320095DE4B /* Debug */ = {
			isa = XCBuildConfiguration;
			buildSettings = {
				ALWAYS_EMBED_SWIFT_STANDARD_LIBRARIES = YES;
				BUNDLE_LOADER = "$(TEST_HOST)";
				CODE_SIGN_STYLE = Automatic;
				INFOPLIST_FILE = GHFollowersTests/Info.plist;
				IPHONEOS_DEPLOYMENT_TARGET = 13.0;
				LD_RUNPATH_SEARCH_PATHS = (
					"$(inherited)",
					"@executable_path/Frameworks",
					"@loader_path/Frameworks",
				);
				PRODUCT_BUNDLE_IDENTIFIER = fotescodev.GHFollowersTests;
				PRODUCT_NAME = "$(TARGET_NAME)";
				SWIFT_VERSION = 5.0;
				TARGETED_DEVICE_FAMILY = "1,2";
				TEST_HOST = "$(BUILT_PRODUCTS_DIR)/GHFollowers.app/GHFollowers";
			};
			name = Debug;
		};
		00E060F023CD43320095DE4B /* Release */ = {
			isa = XCBuildConfiguration;
			buildSettings = {
				ALWAYS_EMBED_SWIFT_STANDARD_LIBRARIES = YES;
				BUNDLE_LOADER = "$(TEST_HOST)";
				CODE_SIGN_STYLE = Automatic;
				INFOPLIST_FILE = GHFollowersTests/Info.plist;
				IPHONEOS_DEPLOYMENT_TARGET = 13.0;
				LD_RUNPATH_SEARCH_PATHS = (
					"$(inherited)",
					"@executable_path/Frameworks",
					"@loader_path/Frameworks",
				);
				PRODUCT_BUNDLE_IDENTIFIER = fotescodev.GHFollowersTests;
				PRODUCT_NAME = "$(TARGET_NAME)";
				SWIFT_VERSION = 5.0;
				TARGETED_DEVICE_FAMILY = "1,2";
				TEST_HOST = "$(BUILT_PRODUCTS_DIR)/GHFollowers.app/GHFollowers";
			};
			name = Release;
		};
		00E060F223CD43320095DE4B /* Debug */ = {
			isa = XCBuildConfiguration;
			buildSettings = {
				ALWAYS_EMBED_SWIFT_STANDARD_LIBRARIES = YES;
				CODE_SIGN_STYLE = Automatic;
				INFOPLIST_FILE = GHFollowersUITests/Info.plist;
				LD_RUNPATH_SEARCH_PATHS = (
					"$(inherited)",
					"@executable_path/Frameworks",
					"@loader_path/Frameworks",
				);
				PRODUCT_BUNDLE_IDENTIFIER = fotescodev.GHFollowersUITests;
				PRODUCT_NAME = "$(TARGET_NAME)";
				SWIFT_VERSION = 5.0;
				TARGETED_DEVICE_FAMILY = "1,2";
				TEST_TARGET_NAME = GHFollowers;
			};
			name = Debug;
		};
		00E060F323CD43320095DE4B /* Release */ = {
			isa = XCBuildConfiguration;
			buildSettings = {
				ALWAYS_EMBED_SWIFT_STANDARD_LIBRARIES = YES;
				CODE_SIGN_STYLE = Automatic;
				INFOPLIST_FILE = GHFollowersUITests/Info.plist;
				LD_RUNPATH_SEARCH_PATHS = (
					"$(inherited)",
					"@executable_path/Frameworks",
					"@loader_path/Frameworks",
				);
				PRODUCT_BUNDLE_IDENTIFIER = fotescodev.GHFollowersUITests;
				PRODUCT_NAME = "$(TARGET_NAME)";
				SWIFT_VERSION = 5.0;
				TARGETED_DEVICE_FAMILY = "1,2";
				TEST_TARGET_NAME = GHFollowers;
			};
			name = Release;
		};
/* End XCBuildConfiguration section */

/* Begin XCConfigurationList section */
		00E060BC23CD432F0095DE4B /* Build configuration list for PBXProject "GHFollowers" */ = {
			isa = XCConfigurationList;
			buildConfigurations = (
				00E060E923CD43320095DE4B /* Debug */,
				00E060EA23CD43320095DE4B /* Release */,
			);
			defaultConfigurationIsVisible = 0;
			defaultConfigurationName = Release;
		};
		00E060EB23CD43320095DE4B /* Build configuration list for PBXNativeTarget "GHFollowers" */ = {
			isa = XCConfigurationList;
			buildConfigurations = (
				00E060EC23CD43320095DE4B /* Debug */,
				00E060ED23CD43320095DE4B /* Release */,
			);
			defaultConfigurationIsVisible = 0;
			defaultConfigurationName = Release;
		};
		00E060EE23CD43320095DE4B /* Build configuration list for PBXNativeTarget "GHFollowersTests" */ = {
			isa = XCConfigurationList;
			buildConfigurations = (
				00E060EF23CD43320095DE4B /* Debug */,
				00E060F023CD43320095DE4B /* Release */,
			);
			defaultConfigurationIsVisible = 0;
			defaultConfigurationName = Release;
		};
		00E060F123CD43320095DE4B /* Build configuration list for PBXNativeTarget "GHFollowersUITests" */ = {
			isa = XCConfigurationList;
			buildConfigurations = (
				00E060F223CD43320095DE4B /* Debug */,
				00E060F323CD43320095DE4B /* Release */,
			);
			defaultConfigurationIsVisible = 0;
			defaultConfigurationName = Release;
		};
/* End XCConfigurationList section */
	};
	rootObject = 00E060B923CD432F0095DE4B /* Project object */;
}
